// !$*UTF8*$!
{
	archiveVersion = 1;
	classes = {
	};
	objectVersion = 52;
	objects = {

/* Begin PBXBuildFile section */
		D1132A5B2519C6AB00287E02 /* rationFood.json in Resources */ = {isa = PBXBuildFile; fileRef = D1132A5A2519C6AB00287E02 /* rationFood.json */; };
		D135D3DC251502710079A2EC /* ModelList.swift in Sources */ = {isa = PBXBuildFile; fileRef = D135D3DB251502710079A2EC /* ModelList.swift */; };
		D135D3E525164E5C0079A2EC /* ModelDetail.swift in Sources */ = {isa = PBXBuildFile; fileRef = D135D3E425164E5C0079A2EC /* ModelDetail.swift */; };
		D170581C25135376009C9714 /* AccountSignOutView.swift in Sources */ = {isa = PBXBuildFile; fileRef = D170581B25135376009C9714 /* AccountSignOutView.swift */; };
		D170581F25137A55009C9714 /* Main.swift in Sources */ = {isa = PBXBuildFile; fileRef = D170581E25137A55009C9714 /* Main.swift */; };
		D17D1A82251383EA000A9BE5 /* MainView.swift in Sources */ = {isa = PBXBuildFile; fileRef = D17D1A81251383EA000A9BE5 /* MainView.swift */; };
		D17D1A8725138AEE000A9BE5 /* businessStrategy.json in Resources */ = {isa = PBXBuildFile; fileRef = D17D1A8625138AEE000A9BE5 /* businessStrategy.json */; };
		D17D1A8B25138D9F000A9BE5 /* Lottie in Frameworks */ = {isa = PBXBuildFile; productRef = D17D1A8A25138D9F000A9BE5 /* Lottie */; };
		D17D1A8E25138DB1000A9BE5 /* LottieView.swift in Sources */ = {isa = PBXBuildFile; fileRef = D17D1A8D25138DB1000A9BE5 /* LottieView.swift */; };
		D17D1A9125139217000A9BE5 /* businessTeam.json in Resources */ = {isa = PBXBuildFile; fileRef = D17D1A9025139217000A9BE5 /* businessTeam.json */; };
		D17D1A942513934F000A9BE5 /* socialMedia.json in Resources */ = {isa = PBXBuildFile; fileRef = D17D1A932513934F000A9BE5 /* socialMedia.json */; };
		D1CA13222513A33100F4CA14 /* BlurView.swift in Sources */ = {isa = PBXBuildFile; fileRef = D1CA13212513A33100F4CA14 /* BlurView.swift */; };
		D1CA13252513A59100F4CA14 /* bloodDrop.json in Resources */ = {isa = PBXBuildFile; fileRef = D1CA13242513A59100F4CA14 /* bloodDrop.json */; };
		D1CA13282513A74700F4CA14 /* blood.json in Resources */ = {isa = PBXBuildFile; fileRef = D1CA13272513A74700F4CA14 /* blood.json */; };
		D1CA132B2513A7CD00F4CA14 /* medicalPulse.json in Resources */ = {isa = PBXBuildFile; fileRef = D1CA132A2513A7CD00F4CA14 /* medicalPulse.json */; };
		D1CA132E2513ADDE00F4CA14 /* brain.json in Resources */ = {isa = PBXBuildFile; fileRef = D1CA132D2513ADDD00F4CA14 /* brain.json */; };
		D1FDFD012513397000342C2F /* SwimmingCoachApp.swift in Sources */ = {isa = PBXBuildFile; fileRef = D1FDFD002513397000342C2F /* SwimmingCoachApp.swift */; };
		D1FDFD032513397000342C2F /* ContentView.swift in Sources */ = {isa = PBXBuildFile; fileRef = D1FDFD022513397000342C2F /* ContentView.swift */; };
		D1FDFD052513397000342C2F /* Assets.xcassets in Resources */ = {isa = PBXBuildFile; fileRef = D1FDFD042513397000342C2F /* Assets.xcassets */; };
		D1FDFD082513397000342C2F /* Preview Assets.xcassets in Resources */ = {isa = PBXBuildFile; fileRef = D1FDFD072513397000342C2F /* Preview Assets.xcassets */; };
/* End PBXBuildFile section */

/* Begin PBXFileReference section */
		D1132A5A2519C6AB00287E02 /* rationFood.json */ = {isa = PBXFileReference; fileEncoding = 4; lastKnownFileType = text.json; path = rationFood.json; sourceTree = "<group>"; };
		D135D3DB251502710079A2EC /* ModelList.swift */ = {isa = PBXFileReference; lastKnownFileType = sourcecode.swift; path = ModelList.swift; sourceTree = "<group>"; };
		D135D3E425164E5C0079A2EC /* ModelDetail.swift */ = {isa = PBXFileReference; lastKnownFileType = sourcecode.swift; path = ModelDetail.swift; sourceTree = "<group>"; };
		D170581B25135376009C9714 /* AccountSignOutView.swift */ = {isa = PBXFileReference; lastKnownFileType = sourcecode.swift; path = AccountSignOutView.swift; sourceTree = "<group>"; };
		D170581E25137A55009C9714 /* Main.swift */ = {isa = PBXFileReference; lastKnownFileType = sourcecode.swift; path = Main.swift; sourceTree = "<group>"; };
		D17D1A81251383EA000A9BE5 /* MainView.swift */ = {isa = PBXFileReference; lastKnownFileType = sourcecode.swift; path = MainView.swift; sourceTree = "<group>"; };
		D17D1A8625138AEE000A9BE5 /* businessStrategy.json */ = {isa = PBXFileReference; fileEncoding = 4; lastKnownFileType = text.json; path = businessStrategy.json; sourceTree = "<group>"; };
		D17D1A8D25138DB1000A9BE5 /* LottieView.swift */ = {isa = PBXFileReference; lastKnownFileType = sourcecode.swift; path = LottieView.swift; sourceTree = "<group>"; };
		D17D1A9025139217000A9BE5 /* businessTeam.json */ = {isa = PBXFileReference; fileEncoding = 4; lastKnownFileType = text.json; path = businessTeam.json; sourceTree = "<group>"; };
		D17D1A932513934F000A9BE5 /* socialMedia.json */ = {isa = PBXFileReference; fileEncoding = 4; lastKnownFileType = text.json; path = socialMedia.json; sourceTree = "<group>"; };
		D1CA13212513A33100F4CA14 /* BlurView.swift */ = {isa = PBXFileReference; lastKnownFileType = sourcecode.swift; path = BlurView.swift; sourceTree = "<group>"; };
		D1CA13242513A59100F4CA14 /* bloodDrop.json */ = {isa = PBXFileReference; fileEncoding = 4; lastKnownFileType = text.json; path = bloodDrop.json; sourceTree = "<group>"; };
		D1CA13272513A74700F4CA14 /* blood.json */ = {isa = PBXFileReference; fileEncoding = 4; lastKnownFileType = text.json; path = blood.json; sourceTree = "<group>"; };
		D1CA132A2513A7CD00F4CA14 /* medicalPulse.json */ = {isa = PBXFileReference; fileEncoding = 4; lastKnownFileType = text.json; path = medicalPulse.json; sourceTree = "<group>"; };
		D1CA132D2513ADDD00F4CA14 /* brain.json */ = {isa = PBXFileReference; fileEncoding = 4; lastKnownFileType = text.json; path = brain.json; sourceTree = "<group>"; };
		D1FDFCFD2513397000342C2F /* SwimmingCoach.app */ = {isa = PBXFileReference; explicitFileType = wrapper.application; includeInIndex = 0; path = SwimmingCoach.app; sourceTree = BUILT_PRODUCTS_DIR; };
		D1FDFD002513397000342C2F /* SwimmingCoachApp.swift */ = {isa = PBXFileReference; lastKnownFileType = sourcecode.swift; path = SwimmingCoachApp.swift; sourceTree = "<group>"; };
		D1FDFD022513397000342C2F /* ContentView.swift */ = {isa = PBXFileReference; lastKnownFileType = sourcecode.swift; path = ContentView.swift; sourceTree = "<group>"; };
		D1FDFD042513397000342C2F /* Assets.xcassets */ = {isa = PBXFileReference; lastKnownFileType = folder.assetcatalog; path = Assets.xcassets; sourceTree = "<group>"; };
		D1FDFD072513397000342C2F /* Preview Assets.xcassets */ = {isa = PBXFileReference; lastKnownFileType = folder.assetcatalog; path = "Preview Assets.xcassets"; sourceTree = "<group>"; };
		D1FDFD092513397000342C2F /* Info.plist */ = {isa = PBXFileReference; lastKnownFileType = text.plist.xml; path = Info.plist; sourceTree = "<group>"; };
/* End PBXFileReference section */

/* Begin PBXFrameworksBuildPhase section */
		D1FDFCFA2513397000342C2F /* Frameworks */ = {
			isa = PBXFrameworksBuildPhase;
			buildActionMask = 2147483647;
			files = (
				D17D1A8B25138D9F000A9BE5 /* Lottie in Frameworks */,
			);
			runOnlyForDeploymentPostprocessing = 0;
		};
/* End PBXFrameworksBuildPhase section */

/* Begin PBXGroup section */
		D17D1A8525138AEE000A9BE5 /* Lottie */ = {
			isa = PBXGroup;
			children = (
				D17D1A9025139217000A9BE5 /* businessTeam.json */,
				D17D1A8625138AEE000A9BE5 /* businessStrategy.json */,
				D17D1A932513934F000A9BE5 /* socialMedia.json */,
				D1CA13242513A59100F4CA14 /* bloodDrop.json */,
				D1CA13272513A74700F4CA14 /* blood.json */,
				D1CA132A2513A7CD00F4CA14 /* medicalPulse.json */,
				D1CA132D2513ADDD00F4CA14 /* brain.json */,
				D1132A5A2519C6AB00287E02 /* rationFood.json */,
			);
			path = Lottie;
			sourceTree = "<group>";
		};
		D1FDFCF42513397000342C2F = {
			isa = PBXGroup;
			children = (
				D1FDFCFF2513397000342C2F /* SwimmingCoach */,
				D1FDFCFE2513397000342C2F /* Products */,
			);
			sourceTree = "<group>";
		};
		D1FDFCFE2513397000342C2F /* Products */ = {
			isa = PBXGroup;
			children = (
				D1FDFCFD2513397000342C2F /* SwimmingCoach.app */,
			);
			name = Products;
			sourceTree = "<group>";
		};
		D1FDFCFF2513397000342C2F /* SwimmingCoach */ = {
			isa = PBXGroup;
			children = (
				D1FDFD002513397000342C2F /* SwimmingCoachApp.swift */,
				D1FDFD022513397000342C2F /* ContentView.swift */,
				D170581E25137A55009C9714 /* Main.swift */,
				D17D1A81251383EA000A9BE5 /* MainView.swift */,
				D135D3DB251502710079A2EC /* ModelList.swift */,
				D135D3E425164E5C0079A2EC /* ModelDetail.swift */,
				D170581B25135376009C9714 /* AccountSignOutView.swift */,
				D17D1A8D25138DB1000A9BE5 /* LottieView.swift */,
				D1CA13212513A33100F4CA14 /* BlurView.swift */,
				D1FDFD042513397000342C2F /* Assets.xcassets */,
				D17D1A8525138AEE000A9BE5 /* Lottie */,
				D1FDFD092513397000342C2F /* Info.plist */,
				D1FDFD062513397000342C2F /* Preview Content */,
			);
			path = SwimmingCoach;
			sourceTree = "<group>";
		};
		D1FDFD062513397000342C2F /* Preview Content */ = {
			isa = PBXGroup;
			children = (
				D1FDFD072513397000342C2F /* Preview Assets.xcassets */,
			);
			path = "Preview Content";
			sourceTree = "<group>";
		};
/* End PBXGroup section */

/* Begin PBXNativeTarget section */
		D1FDFCFC2513397000342C2F /* SwimmingCoach */ = {
			isa = PBXNativeTarget;
			buildConfigurationList = D1FDFD0C2513397000342C2F /* Build configuration list for PBXNativeTarget "SwimmingCoach" */;
			buildPhases = (
				D1FDFCF92513397000342C2F /* Sources */,
				D1FDFCFA2513397000342C2F /* Frameworks */,
				D1FDFCFB2513397000342C2F /* Resources */,
			);
			buildRules = (
			);
			dependencies = (
			);
			name = SwimmingCoach;
			packageProductDependencies = (
				D17D1A8A25138D9F000A9BE5 /* Lottie */,
			);
			productName = SwimmingCoach;
			productReference = D1FDFCFD2513397000342C2F /* SwimmingCoach.app */;
			productType = "com.apple.product-type.application";
		};
/* End PBXNativeTarget section */

/* Begin PBXProject section */
		D1FDFCF52513397000342C2F /* Project object */ = {
			isa = PBXProject;
			attributes = {
				LastSwiftUpdateCheck = 1200;
				LastUpgradeCheck = 1200;
				TargetAttributes = {
					D1FDFCFC2513397000342C2F = {
						CreatedOnToolsVersion = 12.0;
					};
				};
			};
			buildConfigurationList = D1FDFCF82513397000342C2F /* Build configuration list for PBXProject "SwimmingCoach" */;
			compatibilityVersion = "Xcode 9.3";
			developmentRegion = en;
			hasScannedForEncodings = 0;
			knownRegions = (
				en,
				Base,
			);
			mainGroup = D1FDFCF42513397000342C2F;
			packageReferences = (
				D17D1A8925138D9F000A9BE5 /* XCRemoteSwiftPackageReference "lottie-ios" */,
			);
			productRefGroup = D1FDFCFE2513397000342C2F /* Products */;
			projectDirPath = "";
			projectRoot = "";
			targets = (
				D1FDFCFC2513397000342C2F /* SwimmingCoach */,
			);
		};
/* End PBXProject section */

/* Begin PBXResourcesBuildPhase section */
		D1FDFCFB2513397000342C2F /* Resources */ = {
			isa = PBXResourcesBuildPhase;
			buildActionMask = 2147483647;
			files = (
				D17D1A9125139217000A9BE5 /* businessTeam.json in Resources */,
				D1CA132B2513A7CD00F4CA14 /* medicalPulse.json in Resources */,
				D1CA13282513A74700F4CA14 /* blood.json in Resources */,
				D1CA132E2513ADDE00F4CA14 /* brain.json in Resources */,
				D17D1A942513934F000A9BE5 /* socialMedia.json in Resources */,
				D1FDFD082513397000342C2F /* Preview Assets.xcassets in Resources */,
				D1132A5B2519C6AB00287E02 /* rationFood.json in Resources */,
				D1FDFD052513397000342C2F /* Assets.xcassets in Resources */,
				D17D1A8725138AEE000A9BE5 /* businessStrategy.json in Resources */,
				D1CA13252513A59100F4CA14 /* bloodDrop.json in Resources */,
			);
			runOnlyForDeploymentPostprocessing = 0;
		};
/* End PBXResourcesBuildPhase section */

/* Begin PBXSourcesBuildPhase section */
		D1FDFCF92513397000342C2F /* Sources */ = {
			isa = PBXSourcesBuildPhase;
			buildActionMask = 2147483647;
			files = (
				D1CA13222513A33100F4CA14 /* BlurView.swift in Sources */,
				D1FDFD032513397000342C2F /* ContentView.swift in Sources */,
				D1FDFD012513397000342C2F /* SwimmingCoachApp.swift in Sources */,
				D135D3E525164E5C0079A2EC /* ModelDetail.swift in Sources */,
				D170581F25137A55009C9714 /* Main.swift in Sources */,
				D17D1A82251383EA000A9BE5 /* MainView.swift in Sources */,
				D135D3DC251502710079A2EC /* ModelList.swift in Sources */,
				D170581C25135376009C9714 /* AccountSignOutView.swift in Sources */,
				D17D1A8E25138DB1000A9BE5 /* LottieView.swift in Sources */,
			);
			runOnlyForDeploymentPostprocessing = 0;
		};
/* End PBXSourcesBuildPhase section */

/* Begin XCBuildConfiguration section */
		D1FDFD0A2513397000342C2F /* Debug */ = {
			isa = XCBuildConfiguration;
			buildSettings = {
				ALWAYS_SEARCH_USER_PATHS = NO;
				CLANG_ANALYZER_NONNULL = YES;
				CLANG_ANALYZER_NUMBER_OBJECT_CONVERSION = YES_AGGRESSIVE;
				CLANG_CXX_LANGUAGE_STANDARD = "gnu++14";
				CLANG_CXX_LIBRARY = "libc++";
				CLANG_ENABLE_MODULES = YES;
				CLANG_ENABLE_OBJC_ARC = YES;
				CLANG_ENABLE_OBJC_WEAK = YES;
				CLANG_WARN_BLOCK_CAPTURE_AUTORELEASING = YES;
				CLANG_WARN_BOOL_CONVERSION = YES;
				CLANG_WARN_COMMA = YES;
				CLANG_WARN_CONSTANT_CONVERSION = YES;
				CLANG_WARN_DEPRECATED_OBJC_IMPLEMENTATIONS = YES;
				CLANG_WARN_DIRECT_OBJC_ISA_USAGE = YES_ERROR;
				CLANG_WARN_DOCUMENTATION_COMMENTS = YES;
				CLANG_WARN_EMPTY_BODY = YES;
				CLANG_WARN_ENUM_CONVERSION = YES;
				CLANG_WARN_INFINITE_RECURSION = YES;
				CLANG_WARN_INT_CONVERSION = YES;
				CLANG_WARN_NON_LITERAL_NULL_CONVERSION = YES;
				CLANG_WARN_OBJC_IMPLICIT_RETAIN_SELF = YES;
				CLANG_WARN_OBJC_LITERAL_CONVERSION = YES;
				CLANG_WARN_OBJC_ROOT_CLASS = YES_ERROR;
				CLANG_WARN_QUOTED_INCLUDE_IN_FRAMEWORK_HEADER = YES;
				CLANG_WARN_RANGE_LOOP_ANALYSIS = YES;
				CLANG_WARN_STRICT_PROTOTYPES = YES;
				CLANG_WARN_SUSPICIOUS_MOVE = YES;
				CLANG_WARN_UNGUARDED_AVAILABILITY = YES_AGGRESSIVE;
				CLANG_WARN_UNREACHABLE_CODE = YES;
				CLANG_WARN__DUPLICATE_METHOD_MATCH = YES;
				COPY_PHASE_STRIP = NO;
				DEBUG_INFORMATION_FORMAT = dwarf;
				ENABLE_STRICT_OBJC_MSGSEND = YES;
				ENABLE_TESTABILITY = YES;
				GCC_C_LANGUAGE_STANDARD = gnu11;
				GCC_DYNAMIC_NO_PIC = NO;
				GCC_NO_COMMON_BLOCKS = YES;
				GCC_OPTIMIZATION_LEVEL = 0;
				GCC_PREPROCESSOR_DEFINITIONS = (
					"DEBUG=1",
					"$(inherited)",
				);
				GCC_WARN_64_TO_32_BIT_CONVERSION = YES;
				GCC_WARN_ABOUT_RETURN_TYPE = YES_ERROR;
				GCC_WARN_UNDECLARED_SELECTOR = YES;
				GCC_WARN_UNINITIALIZED_AUTOS = YES_AGGRESSIVE;
				GCC_WARN_UNUSED_FUNCTION = YES;
				GCC_WARN_UNUSED_VARIABLE = YES;
				IPHONEOS_DEPLOYMENT_TARGET = 14.0;
				MTL_ENABLE_DEBUG_INFO = INCLUDE_SOURCE;
				MTL_FAST_MATH = YES;
				ONLY_ACTIVE_ARCH = YES;
				SDKROOT = iphoneos;
				SWIFT_ACTIVE_COMPILATION_CONDITIONS = DEBUG;
				SWIFT_OPTIMIZATION_LEVEL = "-Onone";
			};
			name = Debug;
		};
		D1FDFD0B2513397000342C2F /* Release */ = {
			isa = XCBuildConfiguration;
			buildSettings = {
				ALWAYS_SEARCH_USER_PATHS = NO;
				CLANG_ANALYZER_NONNULL = YES;
				CLANG_ANALYZER_NUMBER_OBJECT_CONVERSION = YES_AGGRESSIVE;
				CLANG_CXX_LANGUAGE_STANDARD = "gnu++14";
				CLANG_CXX_LIBRARY = "libc++";
				CLANG_ENABLE_MODULES = YES;
				CLANG_ENABLE_OBJC_ARC = YES;
				CLANG_ENABLE_OBJC_WEAK = YES;
				CLANG_WARN_BLOCK_CAPTURE_AUTORELEASING = YES;
				CLANG_WARN_BOOL_CONVERSION = YES;
				CLANG_WARN_COMMA = YES;
				CLANG_WARN_CONSTANT_CONVERSION = YES;
				CLANG_WARN_DEPRECATED_OBJC_IMPLEMENTATIONS = YES;
				CLANG_WARN_DIRECT_OBJC_ISA_USAGE = YES_ERROR;
				CLANG_WARN_DOCUMENTATION_COMMENTS = YES;
				CLANG_WARN_EMPTY_BODY = YES;
				CLANG_WARN_ENUM_CONVERSION = YES;
				CLANG_WARN_INFINITE_RECURSION = YES;
				CLANG_WARN_INT_CONVERSION = YES;
				CLANG_WARN_NON_LITERAL_NULL_CONVERSION = YES;
				CLANG_WARN_OBJC_IMPLICIT_RETAIN_SELF = YES;
				CLANG_WARN_OBJC_LITERAL_CONVERSION = YES;
				CLANG_WARN_OBJC_ROOT_CLASS = YES_ERROR;
				CLANG_WARN_QUOTED_INCLUDE_IN_FRAMEWORK_HEADER = YES;
				CLANG_WARN_RANGE_LOOP_ANALYSIS = YES;
				CLANG_WARN_STRICT_PROTOTYPES = YES;
				CLANG_WARN_SUSPICIOUS_MOVE = YES;
				CLANG_WARN_UNGUARDED_AVAILABILITY = YES_AGGRESSIVE;
				CLANG_WARN_UNREACHABLE_CODE = YES;
				CLANG_WARN__DUPLICATE_METHOD_MATCH = YES;
				COPY_PHASE_STRIP = NO;
				DEBUG_INFORMATION_FORMAT = "dwarf-with-dsym";
				ENABLE_NS_ASSERTIONS = NO;
				ENABLE_STRICT_OBJC_MSGSEND = YES;
				GCC_C_LANGUAGE_STANDARD = gnu11;
				GCC_NO_COMMON_BLOCKS = YES;
				GCC_WARN_64_TO_32_BIT_CONVERSION = YES;
				GCC_WARN_ABOUT_RETURN_TYPE = YES_ERROR;
				GCC_WARN_UNDECLARED_SELECTOR = YES;
				GCC_WARN_UNINITIALIZED_AUTOS = YES_AGGRESSIVE;
				GCC_WARN_UNUSED_FUNCTION = YES;
				GCC_WARN_UNUSED_VARIABLE = YES;
				IPHONEOS_DEPLOYMENT_TARGET = 14.0;
				MTL_ENABLE_DEBUG_INFO = NO;
				MTL_FAST_MATH = YES;
				SDKROOT = iphoneos;
				SWIFT_COMPILATION_MODE = wholemodule;
				SWIFT_OPTIMIZATION_LEVEL = "-O";
				VALIDATE_PRODUCT = YES;
			};
			name = Release;
		};
		D1FDFD0D2513397000342C2F /* Debug */ = {
			isa = XCBuildConfiguration;
			buildSettings = {
				ASSETCATALOG_COMPILER_APPICON_NAME = AppIcon;
				ASSETCATALOG_COMPILER_GLOBAL_ACCENT_COLOR_NAME = AccentColor;
				CODE_SIGN_STYLE = Automatic;
				DEVELOPMENT_ASSET_PATHS = "\"SwimmingCoach/Preview Content\"";
				DEVELOPMENT_TEAM = W2YFCU55LX;
				ENABLE_PREVIEWS = YES;
				INFOPLIST_FILE = SwimmingCoach/Info.plist;
				IPHONEOS_DEPLOYMENT_TARGET = 14.0;
				LD_RUNPATH_SEARCH_PATHS = (
					"$(inherited)",
					"@executable_path/Frameworks",
				);
				PRODUCT_BUNDLE_IDENTIFIER = io.swimmingcoach.SwimmingCoach;
				PRODUCT_NAME = "$(TARGET_NAME)";
				SWIFT_VERSION = 5.0;
				TARGETED_DEVICE_FAMILY = "1,2";
			};
			name = Debug;
		};
		D1FDFD0E2513397000342C2F /* Release */ = {
			isa = XCBuildConfiguration;
			buildSettings = {
				ASSETCATALOG_COMPILER_APPICON_NAME = AppIcon;
				ASSETCATALOG_COMPILER_GLOBAL_ACCENT_COLOR_NAME = AccentColor;
				CODE_SIGN_STYLE = Automatic;
				DEVELOPMENT_ASSET_PATHS = "\"SwimmingCoach/Preview Content\"";
				DEVELOPMENT_TEAM = W2YFCU55LX;
				ENABLE_PREVIEWS = YES;
				INFOPLIST_FILE = SwimmingCoach/Info.plist;
				IPHONEOS_DEPLOYMENT_TARGET = 14.0;
				LD_RUNPATH_SEARCH_PATHS = (
					"$(inherited)",
					"@executable_path/Frameworks",
				);
				PRODUCT_BUNDLE_IDENTIFIER = io.swimmingcoach.SwimmingCoach;
				PRODUCT_NAME = "$(TARGET_NAME)";
				SWIFT_VERSION = 5.0;
				TARGETED_DEVICE_FAMILY = "1,2";
			};
			name = Release;
		};
/* End XCBuildConfiguration section */

/* Begin XCConfigurationList section */
		D1FDFCF82513397000342C2F /* Build configuration list for PBXProject "SwimmingCoach" */ = {
			isa = XCConfigurationList;
			buildConfigurations = (
				D1FDFD0A2513397000342C2F /* Debug */,
				D1FDFD0B2513397000342C2F /* Release */,
			);
			defaultConfigurationIsVisible = 0;
			defaultConfigurationName = Release;
		};
		D1FDFD0C2513397000342C2F /* Build configuration list for PBXNativeTarget "SwimmingCoach" */ = {
			isa = XCConfigurationList;
			buildConfigurations = (
				D1FDFD0D2513397000342C2F /* Debug */,
				D1FDFD0E2513397000342C2F /* Release */,
			);
			defaultConfigurationIsVisible = 0;
			defaultConfigurationName = Release;
		};
/* End XCConfigurationList section */

/* Begin XCRemoteSwiftPackageReference section */
		D17D1A8925138D9F000A9BE5 /* XCRemoteSwiftPackageReference "lottie-ios" */ = {
			isa = XCRemoteSwiftPackageReference;
			repositoryURL = "https://github.com/airbnb/lottie-ios.git";
			requirement = {
				kind = upToNextMajorVersion;
				minimumVersion = 3.1.8;
			};
		};
/* End XCRemoteSwiftPackageReference section */

/* Begin XCSwiftPackageProductDependency section */
		D17D1A8A25138D9F000A9BE5 /* Lottie */ = {
			isa = XCSwiftPackageProductDependency;
			package = D17D1A8925138D9F000A9BE5 /* XCRemoteSwiftPackageReference "lottie-ios" */;
			productName = Lottie;
		};
/* End XCSwiftPackageProductDependency section */
	};
	rootObject = D1FDFCF52513397000342C2F /* Project object */;
}
